
Microsoft Visual Studio Solution File, Format Version 12.00
# Visual Studio Version 17
VisualStudioVersion = 17.5.002.0
MinimumVisualStudioVersion = 10.0.40219.1
Project("{9A19103F-16F7-4668-BE54-9A1E7A4F7556}") = "Program", "Program.csproj", "{230C4258-5301-4713-A20E-6376AD7CC86E}"
EndProject
Global
	GlobalSection(SolutionConfigurationPlatforms) = preSolution
		Debug|Any CPU = Debug|Any CPU
		Release|Any CPU = Release|Any CPU
	EndGlobalSection
	GlobalSection(ProjectConfigurationPlatforms) = postSolution
		{230C4258-5301-4713-A20E-6376AD7CC86E}.Debug|Any CPU.ActiveCfg = Debug|Any CPU
		{230C4258-5301-4713-A20E-6376AD7CC86E}.Debug|Any CPU.Build.0 = Debug|Any CPU
		{230C4258-5301-4713-A20E-6376AD7CC86E}.Release|Any CPU.ActiveCfg = Release|Any CPU
		{230C4258-5301-4713-A20E-6376AD7CC86E}.Release|Any CPU.Build.0 = Release|Any CPU
	EndGlobalSection
	GlobalSection(SolutionProperties) = preSolution
		HideSolutionNode = FALSE
	EndGlobalSection
	GlobalSection(ExtensibilityGlobals) = postSolution
		SolutionGuid = {8AF07352-DB59-4661-B085-938AB4C09571}
	EndGlobalSection
EndGlobal
